
Microsoft Visual Studio Solution File, Format Version 12.00
# Visual Studio Version 17
VisualStudioVersion = 17.1.32210.238
MinimumVisualStudioVersion = 10.0.40219.1
Project("{9A19103F-16F7-4668-BE54-9A1E7A4F7556}") = "AANF", "AANF\AANF.csproj", "{4FBE3DB4-EE9F-4C88-AAF6-D9A75D4D2DC5}"
EndProject
Project("{9A19103F-16F7-4668-BE54-9A1E7A4F7556}") = "UDRF", "UDRF\UDRF.csproj", "{2E1EC7D7-D46B-406C-AFF4-7D0F12015429}"
EndProject
Project("{9A19103F-16F7-4668-BE54-9A1E7A4F7556}") = "OF", "OF\OF.csproj", "{AAA8837C-04C1-4ADB-B77F-3DE5DE792E7F}"
EndProject
Project("{FAE04EC0-301F-11D3-BF4B-00C04F79EFBC}") = "NWDAF", "NWDAF\NWDAF.csproj", "{12BE4A07-E357-4C97-B6C7-389CD4AA44C9}"
EndProject
Global
	GlobalSection(SolutionConfigurationPlatforms) = preSolution
		Debug|Any CPU = Debug|Any CPU
		Release|Any CPU = Release|Any CPU
	EndGlobalSection
	GlobalSection(ProjectConfigurationPlatforms) = postSolution
		{4FBE3DB4-EE9F-4C88-AAF6-D9A75D4D2DC5}.Debug|Any CPU.ActiveCfg = Debug|Any CPU
		{4FBE3DB4-EE9F-4C88-AAF6-D9A75D4D2DC5}.Debug|Any CPU.Build.0 = Debug|Any CPU
		{4FBE3DB4-EE9F-4C88-AAF6-D9A75D4D2DC5}.Release|Any CPU.ActiveCfg = Release|Any CPU
		{4FBE3DB4-EE9F-4C88-AAF6-D9A75D4D2DC5}.Release|Any CPU.Build.0 = Release|Any CPU
		{2E1EC7D7-D46B-406C-AFF4-7D0F12015429}.Debug|Any CPU.ActiveCfg = Debug|Any CPU
		{2E1EC7D7-D46B-406C-AFF4-7D0F12015429}.Debug|Any CPU.Build.0 = Debug|Any CPU
		{2E1EC7D7-D46B-406C-AFF4-7D0F12015429}.Release|Any CPU.ActiveCfg = Release|Any CPU
		{2E1EC7D7-D46B-406C-AFF4-7D0F12015429}.Release|Any CPU.Build.0 = Release|Any CPU
		{AAA8837C-04C1-4ADB-B77F-3DE5DE792E7F}.Debug|Any CPU.ActiveCfg = Debug|Any CPU
		{AAA8837C-04C1-4ADB-B77F-3DE5DE792E7F}.Debug|Any CPU.Build.0 = Debug|Any CPU
		{AAA8837C-04C1-4ADB-B77F-3DE5DE792E7F}.Release|Any CPU.ActiveCfg = Release|Any CPU
		{AAA8837C-04C1-4ADB-B77F-3DE5DE792E7F}.Release|Any CPU.Build.0 = Release|Any CPU
		{12BE4A07-E357-4C97-B6C7-389CD4AA44C9}.Debug|Any CPU.ActiveCfg = Debug|Any CPU
		{12BE4A07-E357-4C97-B6C7-389CD4AA44C9}.Debug|Any CPU.Build.0 = Debug|Any CPU
		{12BE4A07-E357-4C97-B6C7-389CD4AA44C9}.Release|Any CPU.ActiveCfg = Release|Any CPU
		{12BE4A07-E357-4C97-B6C7-389CD4AA44C9}.Release|Any CPU.Build.0 = Release|Any CPU
	EndGlobalSection
	GlobalSection(SolutionProperties) = preSolution
		HideSolutionNode = FALSE
	EndGlobalSection
	GlobalSection(ExtensibilityGlobals) = postSolution
		SolutionGuid = {F7EE21BE-A0AF-48F1-B2E7-8675AABEE465}
	EndGlobalSection
EndGlobal
